
Microsoft Visual Studio Solution File, Format Version 12.00
# Visual Studio Version 17
VisualStudioVersion = 17.9.34728.123
MinimumVisualStudioVersion = 10.0.40219.1
Project("{FAE04EC0-301F-11D3-BF4B-00C04F79EFBC}") = "GUI", "GUI\GUI.csproj", "{18FEBDB7-2505-4AA2-9057-68EB39E25B40}"
EndProject
Project("{FAE04EC0-301F-11D3-BF4B-00C04F79EFBC}") = "DTO", "BLL\DTO.csproj", "{D577C37E-25FE-404F-B563-074EB1950AC8}"
EndProject
Project("{FAE04EC0-301F-11D3-BF4B-00C04F79EFBC}") = "DAL", "DAL\DAL.csproj", "{449A0629-2DA5-43DC-B0D6-22A5E782BDB8}"
EndProject
Project("{FAE04EC0-301F-11D3-BF4B-00C04F79EFBC}") = "BLL", "DTO\BLL.csproj", "{1A0C61DA-E3F6-497F-B94C-1EEBE590ADAD}"
EndProject
Global
	GlobalSection(SolutionConfigurationPlatforms) = preSolution
		Debug|Any CPU = Debug|Any CPU
		Release|Any CPU = Release|Any CPU
	EndGlobalSection
	GlobalSection(ProjectConfigurationPlatforms) = postSolution
		{18FEBDB7-2505-4AA2-9057-68EB39E25B40}.Debug|Any CPU.ActiveCfg = Debug|Any CPU
		{18FEBDB7-2505-4AA2-9057-68EB39E25B40}.Debug|Any CPU.Build.0 = Debug|Any CPU
		{18FEBDB7-2505-4AA2-9057-68EB39E25B40}.Release|Any CPU.ActiveCfg = Release|Any CPU
		{18FEBDB7-2505-4AA2-9057-68EB39E25B40}.Release|Any CPU.Build.0 = Release|Any CPU
		{D577C37E-25FE-404F-B563-074EB1950AC8}.Debug|Any CPU.ActiveCfg = Debug|Any CPU
		{D577C37E-25FE-404F-B563-074EB1950AC8}.Debug|Any CPU.Build.0 = Debug|Any CPU
		{D577C37E-25FE-404F-B563-074EB1950AC8}.Release|Any CPU.ActiveCfg = Release|Any CPU
		{D577C37E-25FE-404F-B563-074EB1950AC8}.Release|Any CPU.Build.0 = Release|Any CPU
		{449A0629-2DA5-43DC-B0D6-22A5E782BDB8}.Debug|Any CPU.ActiveCfg = Debug|Any CPU
		{449A0629-2DA5-43DC-B0D6-22A5E782BDB8}.Debug|Any CPU.Build.0 = Debug|Any CPU
		{449A0629-2DA5-43DC-B0D6-22A5E782BDB8}.Release|Any CPU.ActiveCfg = Release|Any CPU
		{449A0629-2DA5-43DC-B0D6-22A5E782BDB8}.Release|Any CPU.Build.0 = Release|Any CPU
		{1A0C61DA-E3F6-497F-B94C-1EEBE590ADAD}.Debug|Any CPU.ActiveCfg = Debug|Any CPU
		{1A0C61DA-E3F6-497F-B94C-1EEBE590ADAD}.Debug|Any CPU.Build.0 = Debug|Any CPU
		{1A0C61DA-E3F6-497F-B94C-1EEBE590ADAD}.Release|Any CPU.ActiveCfg = Release|Any CPU
		{1A0C61DA-E3F6-497F-B94C-1EEBE590ADAD}.Release|Any CPU.Build.0 = Release|Any CPU
	EndGlobalSection
	GlobalSection(SolutionProperties) = preSolution
		HideSolutionNode = FALSE
	EndGlobalSection
	GlobalSection(ExtensibilityGlobals) = postSolution
		SolutionGuid = {51018AF5-9C6D-44C0-8E8C-3A835A4906B1}
	EndGlobalSection
EndGlobal
